<Solution>
  <Project Path="DoesntHeHaveIntern-ElvesForThis.Tests/DoesntHeHaveIntern-ElvesForThis.Tests.csproj" Id="a94d16d5-fbd2-4303-b151-fdaa84630ac1" />
  <Project Path="DoesntHeHaveIntern-ElvesForThis/DoesntHeHaveIntern-ElvesForThis.csproj" Id="28f838b3-163a-43d6-89c9-51c1e72c9641" />
</Solution>
